
Microsoft Visual Studio Solution File, Format Version 12.00
# Visual Studio Version 17
VisualStudioVersion = 17.4.33213.308
MinimumVisualStudioVersion = 10.0.40219.1
Project("{FAE04EC0-301F-11D3-BF4B-00C04F79EFBC}") = "TaskManager", "TaskManager\TaskManager.csproj", "{DBCC856D-1D5C-4D28-BFE6-9ED4A851EF20}"
EndProject
Global
	GlobalSection(SolutionConfigurationPlatforms) = preSolution
		Debug|Any CPU = Debug|Any CPU
		Release|Any CPU = Release|Any CPU
	EndGlobalSection
	GlobalSection(ProjectConfigurationPlatforms) = postSolution
		{DBCC856D-1D5C-4D28-BFE6-9ED4A851EF20}.Debug|Any CPU.ActiveCfg = Debug|Any CPU
		{DBCC856D-1D5C-4D28-BFE6-9ED4A851EF20}.Debug|Any CPU.Build.0 = Debug|Any CPU
		{DBCC856D-1D5C-4D28-BFE6-9ED4A851EF20}.Release|Any CPU.ActiveCfg = Release|Any CPU
		{DBCC856D-1D5C-4D28-BFE6-9ED4A851EF20}.Release|Any CPU.Build.0 = Release|Any CPU
	EndGlobalSection
	GlobalSection(SolutionProperties) = preSolution
		HideSolutionNode = FALSE
	EndGlobalSection
	GlobalSection(ExtensibilityGlobals) = postSolution
		SolutionGuid = {72EEA355-B63A-4EC0-A9E2-D1A1792FB986}
	EndGlobalSection
EndGlobal
